// !$*UTF8*$!
{
	archiveVersion = 1;
	classes = {
	};
	objectVersion = 56;
	objects = {

/* Begin PBXBuildFile section */
		CE27A5892A0A255D00F4982E /* LanguageViewController.swift in Sources */ = {isa = PBXBuildFile; fileRef = CE27A5882A0A255D00F4982E /* LanguageViewController.swift */; };
		CE27A58D2A0A2B5200F4982E /* Localizable.strings in Resources */ = {isa = PBXBuildFile; fileRef = CE27A58F2A0A2B5200F4982E /* Localizable.strings */; };
		CE8642542A0B67B50041913A /* CollectionViewController.swift in Sources */ = {isa = PBXBuildFile; fileRef = CE8642532A0B67B50041913A /* CollectionViewController.swift */; };
		CE8642562A0B96280041913A /* GalleryCollectionViewCell.swift in Sources */ = {isa = PBXBuildFile; fileRef = CE8642552A0B96280041913A /* GalleryCollectionViewCell.swift */; };
		CE87081C2A0C8C910044CAE8 /* GalleryCollectionViewController.swift in Sources */ = {isa = PBXBuildFile; fileRef = CE87081B2A0C8C910044CAE8 /* GalleryCollectionViewController.swift */; };
		CE8D97E62A08F11D00EE56DC /* SeeListTableViewController.swift in Sources */ = {isa = PBXBuildFile; fileRef = CE8D97E52A08F11D00EE56DC /* SeeListTableViewController.swift */; };
		CE969DC72A0AC5F9008133DD /* Observer.swift in Sources */ = {isa = PBXBuildFile; fileRef = CE969DC62A0AC5F9008133DD /* Observer.swift */; };
		CEB19EEE2A07594F004326DF /* AppDelegate.swift in Sources */ = {isa = PBXBuildFile; fileRef = CEB19EED2A07594F004326DF /* AppDelegate.swift */; };
		CEB19EF02A07594F004326DF /* SceneDelegate.swift in Sources */ = {isa = PBXBuildFile; fileRef = CEB19EEF2A07594F004326DF /* SceneDelegate.swift */; };
		CEB19EF22A07594F004326DF /* ViewController.swift in Sources */ = {isa = PBXBuildFile; fileRef = CEB19EF12A07594F004326DF /* ViewController.swift */; };
		CEB19EF52A07594F004326DF /* Main.storyboard in Resources */ = {isa = PBXBuildFile; fileRef = CEB19EF32A07594F004326DF /* Main.storyboard */; };
		CEB19EF72A075951004326DF /* Assets.xcassets in Resources */ = {isa = PBXBuildFile; fileRef = CEB19EF62A075951004326DF /* Assets.xcassets */; };
		CEB19EFA2A075951004326DF /* LaunchScreen.storyboard in Resources */ = {isa = PBXBuildFile; fileRef = CEB19EF82A075951004326DF /* LaunchScreen.storyboard */; };
		CEB19F052A075951004326DF /* TableViewTests.swift in Sources */ = {isa = PBXBuildFile; fileRef = CEB19F042A075951004326DF /* TableViewTests.swift */; };
		CEB19F0F2A075951004326DF /* TableViewUITests.swift in Sources */ = {isa = PBXBuildFile; fileRef = CEB19F0E2A075951004326DF /* TableViewUITests.swift */; };
		CEB19F112A075951004326DF /* TableViewUITestsLaunchTests.swift in Sources */ = {isa = PBXBuildFile; fileRef = CEB19F102A075951004326DF /* TableViewUITestsLaunchTests.swift */; };
		CEB19F1E2A075C3A004326DF /* CustomTableViewCell.swift in Sources */ = {isa = PBXBuildFile; fileRef = CEB19F1D2A075C3A004326DF /* CustomTableViewCell.swift */; };
		CEB19F202A077AA6004326DF /* ProfileViewController.swift in Sources */ = {isa = PBXBuildFile; fileRef = CEB19F1F2A077AA6004326DF /* ProfileViewController.swift */; };
		CEB19F222A077AC4004326DF /* SettingsViewController.swift in Sources */ = {isa = PBXBuildFile; fileRef = CEB19F212A077AC4004326DF /* SettingsViewController.swift */; };
		CEB19F262A078289004326DF /* ContactsViewController.swift in Sources */ = {isa = PBXBuildFile; fileRef = CEB19F252A078289004326DF /* ContactsViewController.swift */; };
		CEB19F2C2A07BF6F004326DF /* SubclassedUIButton.swift in Sources */ = {isa = PBXBuildFile; fileRef = CEB19F2B2A07BF6F004326DF /* SubclassedUIButton.swift */; };
/* End PBXBuildFile section */

/* Begin PBXContainerItemProxy section */
		CEB19F012A075951004326DF /* PBXContainerItemProxy */ = {
			isa = PBXContainerItemProxy;
			containerPortal = CEB19EE22A07594F004326DF /* Project object */;
			proxyType = 1;
			remoteGlobalIDString = CEB19EE92A07594F004326DF;
			remoteInfo = TableView;
		};
		CEB19F0B2A075951004326DF /* PBXContainerItemProxy */ = {
			isa = PBXContainerItemProxy;
			containerPortal = CEB19EE22A07594F004326DF /* Project object */;
			proxyType = 1;
			remoteGlobalIDString = CEB19EE92A07594F004326DF;
			remoteInfo = TableView;
		};
/* End PBXContainerItemProxy section */

/* Begin PBXFileReference section */
		CE27A5882A0A255D00F4982E /* LanguageViewController.swift */ = {isa = PBXFileReference; lastKnownFileType = sourcecode.swift; path = LanguageViewController.swift; sourceTree = "<group>"; };
		CE27A58A2A0A2AD200F4982E /* es */ = {isa = PBXFileReference; lastKnownFileType = text.plist.strings; name = es; path = es.lproj/Main.strings; sourceTree = "<group>"; };
		CE27A58E2A0A2B5200F4982E /* en */ = {isa = PBXFileReference; lastKnownFileType = text.plist.strings; name = en; path = en.lproj/Localizable.strings; sourceTree = "<group>"; };
		CE27A5902A0A2B5D00F4982E /* es */ = {isa = PBXFileReference; lastKnownFileType = text.plist.strings; name = es; path = es.lproj/Localizable.strings; sourceTree = "<group>"; };
		CE8642532A0B67B50041913A /* CollectionViewController.swift */ = {isa = PBXFileReference; lastKnownFileType = sourcecode.swift; path = CollectionViewController.swift; sourceTree = "<group>"; };
		CE8642552A0B96280041913A /* GalleryCollectionViewCell.swift */ = {isa = PBXFileReference; lastKnownFileType = sourcecode.swift; path = GalleryCollectionViewCell.swift; sourceTree = "<group>"; };
		CE87081B2A0C8C910044CAE8 /* GalleryCollectionViewController.swift */ = {isa = PBXFileReference; lastKnownFileType = sourcecode.swift; path = GalleryCollectionViewController.swift; sourceTree = "<group>"; };
		CE8D97E52A08F11D00EE56DC /* SeeListTableViewController.swift */ = {isa = PBXFileReference; lastKnownFileType = sourcecode.swift; path = SeeListTableViewController.swift; sourceTree = "<group>"; };
		CE969DC62A0AC5F9008133DD /* Observer.swift */ = {isa = PBXFileReference; lastKnownFileType = sourcecode.swift; path = Observer.swift; sourceTree = "<group>"; };
		CEB19EEA2A07594F004326DF /* TableView.app */ = {isa = PBXFileReference; explicitFileType = wrapper.application; includeInIndex = 0; path = TableView.app; sourceTree = BUILT_PRODUCTS_DIR; };
		CEB19EED2A07594F004326DF /* AppDelegate.swift */ = {isa = PBXFileReference; lastKnownFileType = sourcecode.swift; path = AppDelegate.swift; sourceTree = "<group>"; };
		CEB19EEF2A07594F004326DF /* SceneDelegate.swift */ = {isa = PBXFileReference; lastKnownFileType = sourcecode.swift; path = SceneDelegate.swift; sourceTree = "<group>"; };
		CEB19EF12A07594F004326DF /* ViewController.swift */ = {isa = PBXFileReference; lastKnownFileType = sourcecode.swift; path = ViewController.swift; sourceTree = "<group>"; };
		CEB19EF42A07594F004326DF /* Base */ = {isa = PBXFileReference; lastKnownFileType = file.storyboard; name = Base; path = Base.lproj/Main.storyboard; sourceTree = "<group>"; };
		CEB19EF62A075951004326DF /* Assets.xcassets */ = {isa = PBXFileReference; lastKnownFileType = folder.assetcatalog; path = Assets.xcassets; sourceTree = "<group>"; };
		CEB19EF92A075951004326DF /* Base */ = {isa = PBXFileReference; lastKnownFileType = file.storyboard; name = Base; path = Base.lproj/LaunchScreen.storyboard; sourceTree = "<group>"; };
		CEB19EFB2A075951004326DF /* Info.plist */ = {isa = PBXFileReference; lastKnownFileType = text.plist.xml; path = Info.plist; sourceTree = "<group>"; };
		CEB19F002A075951004326DF /* TableViewTests.xctest */ = {isa = PBXFileReference; explicitFileType = wrapper.cfbundle; includeInIndex = 0; path = TableViewTests.xctest; sourceTree = BUILT_PRODUCTS_DIR; };
		CEB19F042A075951004326DF /* TableViewTests.swift */ = {isa = PBXFileReference; lastKnownFileType = sourcecode.swift; path = TableViewTests.swift; sourceTree = "<group>"; };
		CEB19F0A2A075951004326DF /* TableViewUITests.xctest */ = {isa = PBXFileReference; explicitFileType = wrapper.cfbundle; includeInIndex = 0; path = TableViewUITests.xctest; sourceTree = BUILT_PRODUCTS_DIR; };
		CEB19F0E2A075951004326DF /* TableViewUITests.swift */ = {isa = PBXFileReference; lastKnownFileType = sourcecode.swift; path = TableViewUITests.swift; sourceTree = "<group>"; };
		CEB19F102A075951004326DF /* TableViewUITestsLaunchTests.swift */ = {isa = PBXFileReference; lastKnownFileType = sourcecode.swift; path = TableViewUITestsLaunchTests.swift; sourceTree = "<group>"; };
		CEB19F1D2A075C3A004326DF /* CustomTableViewCell.swift */ = {isa = PBXFileReference; lastKnownFileType = sourcecode.swift; path = CustomTableViewCell.swift; sourceTree = "<group>"; };
		CEB19F1F2A077AA6004326DF /* ProfileViewController.swift */ = {isa = PBXFileReference; lastKnownFileType = sourcecode.swift; path = ProfileViewController.swift; sourceTree = "<group>"; };
		CEB19F212A077AC4004326DF /* SettingsViewController.swift */ = {isa = PBXFileReference; lastKnownFileType = sourcecode.swift; path = SettingsViewController.swift; sourceTree = "<group>"; };
		CEB19F252A078289004326DF /* ContactsViewController.swift */ = {isa = PBXFileReference; lastKnownFileType = sourcecode.swift; path = ContactsViewController.swift; sourceTree = "<group>"; };
		CEB19F2B2A07BF6F004326DF /* SubclassedUIButton.swift */ = {isa = PBXFileReference; lastKnownFileType = sourcecode.swift; path = SubclassedUIButton.swift; sourceTree = "<group>"; };
/* End PBXFileReference section */

/* Begin PBXFrameworksBuildPhase section */
		CEB19EE72A07594F004326DF /* Frameworks */ = {
			isa = PBXFrameworksBuildPhase;
			buildActionMask = 2147483647;
			files = (
			);
			runOnlyForDeploymentPostprocessing = 0;
		};
		CEB19EFD2A075951004326DF /* Frameworks */ = {
			isa = PBXFrameworksBuildPhase;
			buildActionMask = 2147483647;
			files = (
			);
			runOnlyForDeploymentPostprocessing = 0;
		};
		CEB19F072A075951004326DF /* Frameworks */ = {
			isa = PBXFrameworksBuildPhase;
			buildActionMask = 2147483647;
			files = (
			);
			runOnlyForDeploymentPostprocessing = 0;
		};
/* End PBXFrameworksBuildPhase section */

/* Begin PBXGroup section */
		CEB19EE12A07594F004326DF = {
			isa = PBXGroup;
			children = (
				CEB19EEC2A07594F004326DF /* TableView */,
				CEB19F032A075951004326DF /* TableViewTests */,
				CEB19F0D2A075951004326DF /* TableViewUITests */,
				CEB19EEB2A07594F004326DF /* Products */,
			);
			sourceTree = "<group>";
		};
		CEB19EEB2A07594F004326DF /* Products */ = {
			isa = PBXGroup;
			children = (
				CEB19EEA2A07594F004326DF /* TableView.app */,
				CEB19F002A075951004326DF /* TableViewTests.xctest */,
				CEB19F0A2A075951004326DF /* TableViewUITests.xctest */,
			);
			name = Products;
			sourceTree = "<group>";
		};
		CEB19EEC2A07594F004326DF /* TableView */ = {
			isa = PBXGroup;
			children = (
				CEB19EED2A07594F004326DF /* AppDelegate.swift */,
				CEB19EEF2A07594F004326DF /* SceneDelegate.swift */,
				CEB19EF12A07594F004326DF /* ViewController.swift */,
				CEB19F1D2A075C3A004326DF /* CustomTableViewCell.swift */,
				CEB19EF32A07594F004326DF /* Main.storyboard */,
				CEB19EF62A075951004326DF /* Assets.xcassets */,
				CEB19EF82A075951004326DF /* LaunchScreen.storyboard */,
				CEB19EFB2A075951004326DF /* Info.plist */,
				CEB19F1F2A077AA6004326DF /* ProfileViewController.swift */,
				CEB19F212A077AC4004326DF /* SettingsViewController.swift */,
				CEB19F252A078289004326DF /* ContactsViewController.swift */,
				CEB19F2B2A07BF6F004326DF /* SubclassedUIButton.swift */,
				CE8D97E52A08F11D00EE56DC /* SeeListTableViewController.swift */,
				CE27A5882A0A255D00F4982E /* LanguageViewController.swift */,
				CE27A58F2A0A2B5200F4982E /* Localizable.strings */,
				CE969DC62A0AC5F9008133DD /* Observer.swift */,
				CE8642532A0B67B50041913A /* CollectionViewController.swift */,
				CE8642552A0B96280041913A /* GalleryCollectionViewCell.swift */,
				CE87081B2A0C8C910044CAE8 /* GalleryCollectionViewController.swift */,
			);
			path = TableView;
			sourceTree = "<group>";
		};
		CEB19F032A075951004326DF /* TableViewTests */ = {
			isa = PBXGroup;
			children = (
				CEB19F042A075951004326DF /* TableViewTests.swift */,
			);
			path = TableViewTests;
			sourceTree = "<group>";
		};
		CEB19F0D2A075951004326DF /* TableViewUITests */ = {
			isa = PBXGroup;
			children = (
				CEB19F0E2A075951004326DF /* TableViewUITests.swift */,
				CEB19F102A075951004326DF /* TableViewUITestsLaunchTests.swift */,
			);
			path = TableViewUITests;
			sourceTree = "<group>";
		};
/* End PBXGroup section */

/* Begin PBXNativeTarget section */
		CEB19EE92A07594F004326DF /* TableView */ = {
			isa = PBXNativeTarget;
			buildConfigurationList = CEB19F142A075951004326DF /* Build configuration list for PBXNativeTarget "TableView" */;
			buildPhases = (
				CEB19EE62A07594F004326DF /* Sources */,
				CEB19EE72A07594F004326DF /* Frameworks */,
				CEB19EE82A07594F004326DF /* Resources */,
			);
			buildRules = (
			);
			dependencies = (
			);
			name = TableView;
			productName = TableView;
			productReference = CEB19EEA2A07594F004326DF /* TableView.app */;
			productType = "com.apple.product-type.application";
		};
		CEB19EFF2A075951004326DF /* TableViewTests */ = {
			isa = PBXNativeTarget;
			buildConfigurationList = CEB19F172A075951004326DF /* Build configuration list for PBXNativeTarget "TableViewTests" */;
			buildPhases = (
				CEB19EFC2A075951004326DF /* Sources */,
				CEB19EFD2A075951004326DF /* Frameworks */,
				CEB19EFE2A075951004326DF /* Resources */,
			);
			buildRules = (
			);
			dependencies = (
				CEB19F022A075951004326DF /* PBXTargetDependency */,
			);
			name = TableViewTests;
			productName = TableViewTests;
			productReference = CEB19F002A075951004326DF /* TableViewTests.xctest */;
			productType = "com.apple.product-type.bundle.unit-test";
		};
		CEB19F092A075951004326DF /* TableViewUITests */ = {
			isa = PBXNativeTarget;
			buildConfigurationList = CEB19F1A2A075951004326DF /* Build configuration list for PBXNativeTarget "TableViewUITests" */;
			buildPhases = (
				CEB19F062A075951004326DF /* Sources */,
				CEB19F072A075951004326DF /* Frameworks */,
				CEB19F082A075951004326DF /* Resources */,
			);
			buildRules = (
			);
			dependencies = (
				CEB19F0C2A075951004326DF /* PBXTargetDependency */,
			);
			name = TableViewUITests;
			productName = TableViewUITests;
			productReference = CEB19F0A2A075951004326DF /* TableViewUITests.xctest */;
			productType = "com.apple.product-type.bundle.ui-testing";
		};
/* End PBXNativeTarget section */

/* Begin PBXProject section */
		CEB19EE22A07594F004326DF /* Project object */ = {
			isa = PBXProject;
			attributes = {
				BuildIndependentTargetsInParallel = 1;
				LastSwiftUpdateCheck = 1430;
				LastUpgradeCheck = 1430;
				TargetAttributes = {
					CEB19EE92A07594F004326DF = {
						CreatedOnToolsVersion = 14.3;
					};
					CEB19EFF2A075951004326DF = {
						CreatedOnToolsVersion = 14.3;
						TestTargetID = CEB19EE92A07594F004326DF;
					};
					CEB19F092A075951004326DF = {
						CreatedOnToolsVersion = 14.3;
						TestTargetID = CEB19EE92A07594F004326DF;
					};
				};
			};
			buildConfigurationList = CEB19EE52A07594F004326DF /* Build configuration list for PBXProject "TableView" */;
			compatibilityVersion = "Xcode 14.0";
			developmentRegion = en;
			hasScannedForEncodings = 0;
			knownRegions = (
				en,
				Base,
				es,
			);
			mainGroup = CEB19EE12A07594F004326DF;
			productRefGroup = CEB19EEB2A07594F004326DF /* Products */;
			projectDirPath = "";
			projectRoot = "";
			targets = (
				CEB19EE92A07594F004326DF /* TableView */,
				CEB19EFF2A075951004326DF /* TableViewTests */,
				CEB19F092A075951004326DF /* TableViewUITests */,
			);
		};
/* End PBXProject section */

/* Begin PBXResourcesBuildPhase section */
		CEB19EE82A07594F004326DF /* Resources */ = {
			isa = PBXResourcesBuildPhase;
			buildActionMask = 2147483647;
			files = (
				CEB19EFA2A075951004326DF /* LaunchScreen.storyboard in Resources */,
				CE27A58D2A0A2B5200F4982E /* Localizable.strings in Resources */,
				CEB19EF72A075951004326DF /* Assets.xcassets in Resources */,
				CEB19EF52A07594F004326DF /* Main.storyboard in Resources */,
			);
			runOnlyForDeploymentPostprocessing = 0;
		};
		CEB19EFE2A075951004326DF /* Resources */ = {
			isa = PBXResourcesBuildPhase;
			buildActionMask = 2147483647;
			files = (
			);
			runOnlyForDeploymentPostprocessing = 0;
		};
		CEB19F082A075951004326DF /* Resources */ = {
			isa = PBXResourcesBuildPhase;
			buildActionMask = 2147483647;
			files = (
			);
			runOnlyForDeploymentPostprocessing = 0;
		};
/* End PBXResourcesBuildPhase section */

/* Begin PBXSourcesBuildPhase section */
		CEB19EE62A07594F004326DF /* Sources */ = {
			isa = PBXSourcesBuildPhase;
			buildActionMask = 2147483647;
			files = (
				CE8642542A0B67B50041913A /* CollectionViewController.swift in Sources */,
				CE27A5892A0A255D00F4982E /* LanguageViewController.swift in Sources */,
				CEB19EF22A07594F004326DF /* ViewController.swift in Sources */,
				CE8D97E62A08F11D00EE56DC /* SeeListTableViewController.swift in Sources */,
				CEB19F262A078289004326DF /* ContactsViewController.swift in Sources */,
				CE87081C2A0C8C910044CAE8 /* GalleryCollectionViewController.swift in Sources */,
				CEB19EEE2A07594F004326DF /* AppDelegate.swift in Sources */,
				CEB19F202A077AA6004326DF /* ProfileViewController.swift in Sources */,
				CEB19F1E2A075C3A004326DF /* CustomTableViewCell.swift in Sources */,
				CEB19EF02A07594F004326DF /* SceneDelegate.swift in Sources */,
				CE969DC72A0AC5F9008133DD /* Observer.swift in Sources */,
				CEB19F2C2A07BF6F004326DF /* SubclassedUIButton.swift in Sources */,
				CE8642562A0B96280041913A /* GalleryCollectionViewCell.swift in Sources */,
				CEB19F222A077AC4004326DF /* SettingsViewController.swift in Sources */,
			);
			runOnlyForDeploymentPostprocessing = 0;
		};
		CEB19EFC2A075951004326DF /* Sources */ = {
			isa = PBXSourcesBuildPhase;
			buildActionMask = 2147483647;
			files = (
				CEB19F052A075951004326DF /* TableViewTests.swift in Sources */,
			);
			runOnlyForDeploymentPostprocessing = 0;
		};
		CEB19F062A075951004326DF /* Sources */ = {
			isa = PBXSourcesBuildPhase;
			buildActionMask = 2147483647;
			files = (
				CEB19F112A075951004326DF /* TableViewUITestsLaunchTests.swift in Sources */,
				CEB19F0F2A075951004326DF /* TableViewUITests.swift in Sources */,
			);
			runOnlyForDeploymentPostprocessing = 0;
		};
/* End PBXSourcesBuildPhase section */

/* Begin PBXTargetDependency section */
		CEB19F022A075951004326DF /* PBXTargetDependency */ = {
			isa = PBXTargetDependency;
			target = CEB19EE92A07594F004326DF /* TableView */;
			targetProxy = CEB19F012A075951004326DF /* PBXContainerItemProxy */;
		};
		CEB19F0C2A075951004326DF /* PBXTargetDependency */ = {
			isa = PBXTargetDependency;
			target = CEB19EE92A07594F004326DF /* TableView */;
			targetProxy = CEB19F0B2A075951004326DF /* PBXContainerItemProxy */;
		};
/* End PBXTargetDependency section */

/* Begin PBXVariantGroup section */
		CE27A58F2A0A2B5200F4982E /* Localizable.strings */ = {
			isa = PBXVariantGroup;
			children = (
				CE27A58E2A0A2B5200F4982E /* en */,
				CE27A5902A0A2B5D00F4982E /* es */,
			);
			name = Localizable.strings;
			sourceTree = "<group>";
		};
		CEB19EF32A07594F004326DF /* Main.storyboard */ = {
			isa = PBXVariantGroup;
			children = (
				CEB19EF42A07594F004326DF /* Base */,
				CE27A58A2A0A2AD200F4982E /* es */,
			);
			name = Main.storyboard;
			sourceTree = "<group>";
		};
		CEB19EF82A075951004326DF /* LaunchScreen.storyboard */ = {
			isa = PBXVariantGroup;
			children = (
				CEB19EF92A075951004326DF /* Base */,
			);
			name = LaunchScreen.storyboard;
			sourceTree = "<group>";
		};
/* End PBXVariantGroup section */

/* Begin XCBuildConfiguration section */
		CEB19F122A075951004326DF /* Debug */ = {
			isa = XCBuildConfiguration;
			buildSettings = {
				ALWAYS_SEARCH_USER_PATHS = NO;
				CLANG_ANALYZER_LOCALIZABILITY_NONLOCALIZED = YES;
				CLANG_ANALYZER_NONNULL = YES;
				CLANG_ANALYZER_NUMBER_OBJECT_CONVERSION = YES_AGGRESSIVE;
				CLANG_CXX_LANGUAGE_STANDARD = "gnu++20";
				CLANG_ENABLE_MODULES = YES;
				CLANG_ENABLE_OBJC_ARC = YES;
				CLANG_ENABLE_OBJC_WEAK = YES;
				CLANG_WARN_BLOCK_CAPTURE_AUTORELEASING = YES;
				CLANG_WARN_BOOL_CONVERSION = YES;
				CLANG_WARN_COMMA = YES;
				CLANG_WARN_CONSTANT_CONVERSION = YES;
				CLANG_WARN_DEPRECATED_OBJC_IMPLEMENTATIONS = YES;
				CLANG_WARN_DIRECT_OBJC_ISA_USAGE = YES_ERROR;
				CLANG_WARN_DOCUMENTATION_COMMENTS = YES;
				CLANG_WARN_EMPTY_BODY = YES;
				CLANG_WARN_ENUM_CONVERSION = YES;
				CLANG_WARN_INFINITE_RECURSION = YES;
				CLANG_WARN_INT_CONVERSION = YES;
				CLANG_WARN_NON_LITERAL_NULL_CONVERSION = YES;
				CLANG_WARN_OBJC_IMPLICIT_RETAIN_SELF = YES;
				CLANG_WARN_OBJC_LITERAL_CONVERSION = YES;
				CLANG_WARN_OBJC_ROOT_CLASS = YES_ERROR;
				CLANG_WARN_QUOTED_INCLUDE_IN_FRAMEWORK_HEADER = YES;
				CLANG_WARN_RANGE_LOOP_ANALYSIS = YES;
				CLANG_WARN_STRICT_PROTOTYPES = YES;
				CLANG_WARN_SUSPICIOUS_MOVE = YES;
				CLANG_WARN_UNGUARDED_AVAILABILITY = YES_AGGRESSIVE;
				CLANG_WARN_UNREACHABLE_CODE = YES;
				CLANG_WARN__DUPLICATE_METHOD_MATCH = YES;
				COPY_PHASE_STRIP = NO;
				DEBUG_INFORMATION_FORMAT = dwarf;
				ENABLE_STRICT_OBJC_MSGSEND = YES;
				ENABLE_TESTABILITY = YES;
				GCC_C_LANGUAGE_STANDARD = gnu11;
				GCC_DYNAMIC_NO_PIC = NO;
				GCC_NO_COMMON_BLOCKS = YES;
				GCC_OPTIMIZATION_LEVEL = 0;
				GCC_PREPROCESSOR_DEFINITIONS = (
					"DEBUG=1",
					"$(inherited)",
				);
				GCC_WARN_64_TO_32_BIT_CONVERSION = YES;
				GCC_WARN_ABOUT_RETURN_TYPE = YES_ERROR;
				GCC_WARN_UNDECLARED_SELECTOR = YES;
				GCC_WARN_UNINITIALIZED_AUTOS = YES_AGGRESSIVE;
				GCC_WARN_UNUSED_FUNCTION = YES;
				GCC_WARN_UNUSED_VARIABLE = YES;
				IPHONEOS_DEPLOYMENT_TARGET = 14.7;
				MTL_ENABLE_DEBUG_INFO = INCLUDE_SOURCE;
				MTL_FAST_MATH = YES;
				ONLY_ACTIVE_ARCH = YES;
				SDKROOT = iphoneos;
				SWIFT_ACTIVE_COMPILATION_CONDITIONS = DEBUG;
				SWIFT_OPTIMIZATION_LEVEL = "-Onone";
			};
			name = Debug;
		};
		CEB19F132A075951004326DF /* Release */ = {
			isa = XCBuildConfiguration;
			buildSettings = {
				ALWAYS_SEARCH_USER_PATHS = NO;
				CLANG_ANALYZER_LOCALIZABILITY_NONLOCALIZED = YES;
				CLANG_ANALYZER_NONNULL = YES;
				CLANG_ANALYZER_NUMBER_OBJECT_CONVERSION = YES_AGGRESSIVE;
				CLANG_CXX_LANGUAGE_STANDARD = "gnu++20";
				CLANG_ENABLE_MODULES = YES;
				CLANG_ENABLE_OBJC_ARC = YES;
				CLANG_ENABLE_OBJC_WEAK = YES;
				CLANG_WARN_BLOCK_CAPTURE_AUTORELEASING = YES;
				CLANG_WARN_BOOL_CONVERSION = YES;
				CLANG_WARN_COMMA = YES;
				CLANG_WARN_CONSTANT_CONVERSION = YES;
				CLANG_WARN_DEPRECATED_OBJC_IMPLEMENTATIONS = YES;
				CLANG_WARN_DIRECT_OBJC_ISA_USAGE = YES_ERROR;
				CLANG_WARN_DOCUMENTATION_COMMENTS = YES;
				CLANG_WARN_EMPTY_BODY = YES;
				CLANG_WARN_ENUM_CONVERSION = YES;
				CLANG_WARN_INFINITE_RECURSION = YES;
				CLANG_WARN_INT_CONVERSION = YES;
				CLANG_WARN_NON_LITERAL_NULL_CONVERSION = YES;
				CLANG_WARN_OBJC_IMPLICIT_RETAIN_SELF = YES;
				CLANG_WARN_OBJC_LITERAL_CONVERSION = YES;
				CLANG_WARN_OBJC_ROOT_CLASS = YES_ERROR;
				CLANG_WARN_QUOTED_INCLUDE_IN_FRAMEWORK_HEADER = YES;
				CLANG_WARN_RANGE_LOOP_ANALYSIS = YES;
				CLANG_WARN_STRICT_PROTOTYPES = YES;
				CLANG_WARN_SUSPICIOUS_MOVE = YES;
				CLANG_WARN_UNGUARDED_AVAILABILITY = YES_AGGRESSIVE;
				CLANG_WARN_UNREACHABLE_CODE = YES;
				CLANG_WARN__DUPLICATE_METHOD_MATCH = YES;
				COPY_PHASE_STRIP = NO;
				DEBUG_INFORMATION_FORMAT = "dwarf-with-dsym";
				ENABLE_NS_ASSERTIONS = NO;
				ENABLE_STRICT_OBJC_MSGSEND = YES;
				GCC_C_LANGUAGE_STANDARD = gnu11;
				GCC_NO_COMMON_BLOCKS = YES;
				GCC_WARN_64_TO_32_BIT_CONVERSION = YES;
				GCC_WARN_ABOUT_RETURN_TYPE = YES_ERROR;
				GCC_WARN_UNDECLARED_SELECTOR = YES;
				GCC_WARN_UNINITIALIZED_AUTOS = YES_AGGRESSIVE;
				GCC_WARN_UNUSED_FUNCTION = YES;
				GCC_WARN_UNUSED_VARIABLE = YES;
				IPHONEOS_DEPLOYMENT_TARGET = 14.7;
				MTL_ENABLE_DEBUG_INFO = NO;
				MTL_FAST_MATH = YES;
				SDKROOT = iphoneos;
				SWIFT_COMPILATION_MODE = wholemodule;
				SWIFT_OPTIMIZATION_LEVEL = "-O";
				VALIDATE_PRODUCT = YES;
			};
			name = Release;
		};
		CEB19F152A075951004326DF /* Debug */ = {
			isa = XCBuildConfiguration;
			buildSettings = {
				ASSETCATALOG_COMPILER_APPICON_NAME = AppIcon;
				ASSETCATALOG_COMPILER_GLOBAL_ACCENT_COLOR_NAME = AccentColor;
				CODE_SIGN_STYLE = Automatic;
				CURRENT_PROJECT_VERSION = 1;
				DEVELOPMENT_TEAM = 6UNNQF9H8G;
				GENERATE_INFOPLIST_FILE = YES;
				INFOPLIST_FILE = TableView/Info.plist;
				INFOPLIST_KEY_UIApplicationSupportsIndirectInputEvents = YES;
				INFOPLIST_KEY_UILaunchStoryboardName = LaunchScreen;
				INFOPLIST_KEY_UIMainStoryboardFile = Main;
				INFOPLIST_KEY_UISupportedInterfaceOrientations_iPad = "UIInterfaceOrientationPortrait UIInterfaceOrientationPortraitUpsideDown UIInterfaceOrientationLandscapeLeft UIInterfaceOrientationLandscapeRight";
				INFOPLIST_KEY_UISupportedInterfaceOrientations_iPhone = "UIInterfaceOrientationPortrait UIInterfaceOrientationLandscapeLeft UIInterfaceOrientationLandscapeRight";
				IPHONEOS_DEPLOYMENT_TARGET = 14.7;
				LD_RUNPATH_SEARCH_PATHS = (
					"$(inherited)",
					"@executable_path/Frameworks",
				);
				MARKETING_VERSION = 1.0;
				PRODUCT_BUNDLE_IDENTIFIER = com.zferdous.app;
				PRODUCT_NAME = "$(TARGET_NAME)";
				SWIFT_EMIT_LOC_STRINGS = YES;
				SWIFT_VERSION = 5.0;
				TARGETED_DEVICE_FAMILY = "1,2";
			};
			name = Debug;
		};
		CEB19F162A075951004326DF /* Release */ = {
			isa = XCBuildConfiguration;
			buildSettings = {
				ASSETCATALOG_COMPILER_APPICON_NAME = AppIcon;
				ASSETCATALOG_COMPILER_GLOBAL_ACCENT_COLOR_NAME = AccentColor;
				CODE_SIGN_STYLE = Automatic;
				CURRENT_PROJECT_VERSION = 1;
				DEVELOPMENT_TEAM = 6UNNQF9H8G;
				GENERATE_INFOPLIST_FILE = YES;
				INFOPLIST_FILE = TableView/Info.plist;
				INFOPLIST_KEY_UIApplicationSupportsIndirectInputEvents = YES;
				INFOPLIST_KEY_UILaunchStoryboardName = LaunchScreen;
				INFOPLIST_KEY_UIMainStoryboardFile = Main;
				INFOPLIST_KEY_UISupportedInterfaceOrientations_iPad = "UIInterfaceOrientationPortrait UIInterfaceOrientationPortraitUpsideDown UIInterfaceOrientationLandscapeLeft UIInterfaceOrientationLandscapeRight";
				INFOPLIST_KEY_UISupportedInterfaceOrientations_iPhone = "UIInterfaceOrientationPortrait UIInterfaceOrientationLandscapeLeft UIInterfaceOrientationLandscapeRight";
				IPHONEOS_DEPLOYMENT_TARGET = 14.7;
				LD_RUNPATH_SEARCH_PATHS = (
					"$(inherited)",
					"@executable_path/Frameworks",
				);
				MARKETING_VERSION = 1.0;
				PRODUCT_BUNDLE_IDENTIFIER = com.zferdous.app;
				PRODUCT_NAME = "$(TARGET_NAME)";
				SWIFT_EMIT_LOC_STRINGS = YES;
				SWIFT_VERSION = 5.0;
				TARGETED_DEVICE_FAMILY = "1,2";
			};
			name = Release;
		};
		CEB19F182A075951004326DF /* Debug */ = {
			isa = XCBuildConfiguration;
			buildSettings = {
				ALWAYS_EMBED_SWIFT_STANDARD_LIBRARIES = YES;
				BUNDLE_LOADER = "$(TEST_HOST)";
				CODE_SIGN_STYLE = Automatic;
				CURRENT_PROJECT_VERSION = 1;
				GENERATE_INFOPLIST_FILE = YES;
				IPHONEOS_DEPLOYMENT_TARGET = 16.4;
				MARKETING_VERSION = 1.0;
				PRODUCT_BUNDLE_IDENTIFIER = com.TableViewTests;
				PRODUCT_NAME = "$(TARGET_NAME)";
				SWIFT_EMIT_LOC_STRINGS = NO;
				SWIFT_VERSION = 5.0;
				TARGETED_DEVICE_FAMILY = "1,2";
				TEST_HOST = "$(BUILT_PRODUCTS_DIR)/TableView.app/$(BUNDLE_EXECUTABLE_FOLDER_PATH)/TableView";
			};
			name = Debug;
		};
		CEB19F192A075951004326DF /* Release */ = {
			isa = XCBuildConfiguration;
			buildSettings = {
				ALWAYS_EMBED_SWIFT_STANDARD_LIBRARIES = YES;
				BUNDLE_LOADER = "$(TEST_HOST)";
				CODE_SIGN_STYLE = Automatic;
				CURRENT_PROJECT_VERSION = 1;
				GENERATE_INFOPLIST_FILE = YES;
				IPHONEOS_DEPLOYMENT_TARGET = 16.4;
				MARKETING_VERSION = 1.0;
				PRODUCT_BUNDLE_IDENTIFIER = com.TableViewTests;
				PRODUCT_NAME = "$(TARGET_NAME)";
				SWIFT_EMIT_LOC_STRINGS = NO;
				SWIFT_VERSION = 5.0;
				TARGETED_DEVICE_FAMILY = "1,2";
				TEST_HOST = "$(BUILT_PRODUCTS_DIR)/TableView.app/$(BUNDLE_EXECUTABLE_FOLDER_PATH)/TableView";
			};
			name = Release;
		};
		CEB19F1B2A075951004326DF /* Debug */ = {
			isa = XCBuildConfiguration;
			buildSettings = {
				ALWAYS_EMBED_SWIFT_STANDARD_LIBRARIES = YES;
				CODE_SIGN_STYLE = Automatic;
				CURRENT_PROJECT_VERSION = 1;
				GENERATE_INFOPLIST_FILE = YES;
				MARKETING_VERSION = 1.0;
				PRODUCT_BUNDLE_IDENTIFIER = com.TableViewUITests;
				PRODUCT_NAME = "$(TARGET_NAME)";
				SWIFT_EMIT_LOC_STRINGS = NO;
				SWIFT_VERSION = 5.0;
				TARGETED_DEVICE_FAMILY = "1,2";
				TEST_TARGET_NAME = TableView;
			};
			name = Debug;
		};
		CEB19F1C2A075951004326DF /* Release */ = {
			isa = XCBuildConfiguration;
			buildSettings = {
				ALWAYS_EMBED_SWIFT_STANDARD_LIBRARIES = YES;
				CODE_SIGN_STYLE = Automatic;
				CURRENT_PROJECT_VERSION = 1;
				GENERATE_INFOPLIST_FILE = YES;
				MARKETING_VERSION = 1.0;
				PRODUCT_BUNDLE_IDENTIFIER = com.TableViewUITests;
				PRODUCT_NAME = "$(TARGET_NAME)";
				SWIFT_EMIT_LOC_STRINGS = NO;
				SWIFT_VERSION = 5.0;
				TARGETED_DEVICE_FAMILY = "1,2";
				TEST_TARGET_NAME = TableView;
			};
			name = Release;
		};
/* End XCBuildConfiguration section */

/* Begin XCConfigurationList section */
		CEB19EE52A07594F004326DF /* Build configuration list for PBXProject "TableView" */ = {
			isa = XCConfigurationList;
			buildConfigurations = (
				CEB19F122A075951004326DF /* Debug */,
				CEB19F132A075951004326DF /* Release */,
			);
			defaultConfigurationIsVisible = 0;
			defaultConfigurationName = Release;
		};
		CEB19F142A075951004326DF /* Build configuration list for PBXNativeTarget "TableView" */ = {
			isa = XCConfigurationList;
			buildConfigurations = (
				CEB19F152A075951004326DF /* Debug */,
				CEB19F162A075951004326DF /* Release */,
			);
			defaultConfigurationIsVisible = 0;
			defaultConfigurationName = Release;
		};
		CEB19F172A075951004326DF /* Build configuration list for PBXNativeTarget "TableViewTests" */ = {
			isa = XCConfigurationList;
			buildConfigurations = (
				CEB19F182A075951004326DF /* Debug */,
				CEB19F192A075951004326DF /* Release */,
			);
			defaultConfigurationIsVisible = 0;
			defaultConfigurationName = Release;
		};
		CEB19F1A2A075951004326DF /* Build configuration list for PBXNativeTarget "TableViewUITests" */ = {
			isa = XCConfigurationList;
			buildConfigurations = (
				CEB19F1B2A075951004326DF /* Debug */,
				CEB19F1C2A075951004326DF /* Release */,
			);
			defaultConfigurationIsVisible = 0;
			defaultConfigurationName = Release;
		};
/* End XCConfigurationList section */
	};
	rootObject = CEB19EE22A07594F004326DF /* Project object */;
}
